# This file is autogenerated, do not edit; changes may be undone by the next 'dep ensure'.


[[projects]]
  branch = "master"
  name = "github.com/segmentio/go-camelcase"
  packages = ["."]
  revision = "7085f1e3c734f696a4cd28568c33abae3100126f"

[solve-meta]
  analyzer-name = "dep"
  analyzer-version = 1
  inputs-digest = "2496f556157b1d42d56f9588eab3bb114d97f7881ee66c130245e81611700d0b"
  solver-name = "gps-cdcl"
  solver-version = 1
